
Microsoft Visual Studio Solution File, Format Version 12.00
# Visual Studio Version 17
VisualStudioVersion = 17.13.35919.96 d17.13
MinimumVisualStudioVersion = 10.0.40219.1
Project("{FAE04EC0-301F-11D3-BF4B-00C04F79EFBC}") = "StyleMarkerPins", "StyleMarkerPins\StyleMarkerPins.csproj", "{6BE31F50-E5F7-482F-8C0C-EF6B9335AC39}"
EndProject
Global
	GlobalSection(SolutionConfigurationPlatforms) = preSolution
		Debug|Any CPU = Debug|Any CPU
		Release|Any CPU = Release|Any CPU
	EndGlobalSection
	GlobalSection(ProjectConfigurationPlatforms) = postSolution
		{6BE31F50-E5F7-482F-8C0C-EF6B9335AC39}.Debug|Any CPU.ActiveCfg = Debug|Any CPU
		{6BE31F50-E5F7-482F-8C0C-EF6B9335AC39}.Debug|Any CPU.Build.0 = Debug|Any CPU
		{6BE31F50-E5F7-482F-8C0C-EF6B9335AC39}.Release|Any CPU.ActiveCfg = Release|Any CPU
		{6BE31F50-E5F7-482F-8C0C-EF6B9335AC39}.Release|Any CPU.Build.0 = Release|Any CPU
	EndGlobalSection
	GlobalSection(SolutionProperties) = preSolution
		HideSolutionNode = FALSE
	EndGlobalSection
	GlobalSection(ExtensibilityGlobals) = postSolution
		SolutionGuid = {B1B38506-0F03-41CE-924E-01536A8C5F35}
	EndGlobalSection
EndGlobal
